
Microsoft Visual Studio Solution File, Format Version 12.00
# Visual Studio 2013
VisualStudioVersion = 12.0.31101.0
MinimumVisualStudioVersion = 10.0.40219.1
Project("{FAE04EC0-301F-11D3-BF4B-00C04F79EFBC}") = "MoreGamers", "MoreGamers\MoreGamers.csproj", "{381404F8-AC55-4122-8B9F-5B3B617B372E}"
EndProject
Global
	GlobalSection(SolutionConfigurationPlatforms) = preSolution
		Debug|Any CPU = Debug|Any CPU
		Release|Any CPU = Release|Any CPU
	EndGlobalSection
	GlobalSection(ProjectConfigurationPlatforms) = postSolution
		{381404F8-AC55-4122-8B9F-5B3B617B372E}.Debug|Any CPU.ActiveCfg = Debug|Any CPU
		{381404F8-AC55-4122-8B9F-5B3B617B372E}.Debug|Any CPU.Build.0 = Debug|Any CPU
		{381404F8-AC55-4122-8B9F-5B3B617B372E}.Release|Any CPU.ActiveCfg = Release|Any CPU
		{381404F8-AC55-4122-8B9F-5B3B617B372E}.Release|Any CPU.Build.0 = Release|Any CPU
	EndGlobalSection
	GlobalSection(SolutionProperties) = preSolution
		HideSolutionNode = FALSE
	EndGlobalSection
	GlobalSection(MonoDevelopProperties) = preSolution
		StartupItem = MoreGamers\MoreGamers.csproj
		Policies = $0
		$0.TextStylePolicy = $1
		$1.EolMarker = Unix
		$1.inheritsSet = VisualStudio
		$1.inheritsScope = text/plain
		$1.scope = text/x-csharp
		$0.CSharpFormattingPolicy = $2
		$2.AnonymousMethodBraceStyle = EndOfLineWithoutSpace
		$2.PropertyBraceStyle = NextLine
		$2.PropertyGetBraceStyle = NextLine
		$2.PropertySetBraceStyle = NextLine
		$2.EventBraceStyle = NextLine
		$2.EventAddBraceStyle = NextLine
		$2.EventRemoveBraceStyle = NextLine
		$2.StatementBraceStyle = NextLine
		$2.ElseNewLinePlacement = NewLine
		$2.CatchNewLinePlacement = NewLine
		$2.FinallyNewLinePlacement = NewLine
		$2.BeforeMethodDeclarationParentheses = False
		$2.BeforeMethodCallParentheses = False
		$2.BeforeConstructorDeclarationParentheses = False
		$2.BeforeIndexerDeclarationBracket = False
		$2.BeforeDelegateDeclarationParentheses = False
		$2.NewParentheses = False
		$2.IfParentheses = False
		$2.WhileParentheses = False
		$2.ForParentheses = False
		$2.ForeachParentheses = False
		$2.CatchParentheses = False
		$2.SwitchParentheses = False
		$2.LockParentheses = False
		$2.UsingParentheses = False
		$2.SpacesBeforeBrackets = False
		$2.MethodCallArgumentWrapping = WrapIfTooLong
		$2.MethodDeclarationParameterWrapping = WrapIfTooLong
		$2.IndexerDeclarationParameterWrapping = WrapIfTooLong
		$2.IndexerArgumentWrapping = WrapIfTooLong
		$2.NewLineAferIndexerOpenBracket = SameLine
		$2.inheritsSet = Mono
		$2.inheritsScope = text/x-csharp
		$2.scope = text/x-csharp
		description = MoreGamers.com's SDK for Unity.
		version = 1.1
	EndGlobalSection
EndGlobal
